
Microsoft Visual Studio Solution File, Format Version 12.00
# Visual Studio 15
VisualStudioVersion = 15.0.28307.852
MinimumVisualStudioVersion = 10.0.40219.1
Project("{FAE04EC0-301F-11D3-BF4B-00C04F79EFBC}") = "WMIReg", "WMIReg\WMIReg.csproj", "{DBFD21FC-0CB0-4CF4-9E2F-43A6D5A353F6}"
EndProject
Global
	GlobalSection(SolutionConfigurationPlatforms) = preSolution
		Debug|Any CPU = Debug|Any CPU
		Release|Any CPU = Release|Any CPU
	EndGlobalSection
	GlobalSection(ProjectConfigurationPlatforms) = postSolution
		{DBFD21FC-0CB0-4CF4-9E2F-43A6D5A353F6}.Debug|Any CPU.ActiveCfg = Debug|Any CPU
		{DBFD21FC-0CB0-4CF4-9E2F-43A6D5A353F6}.Debug|Any CPU.Build.0 = Debug|Any CPU
		{DBFD21FC-0CB0-4CF4-9E2F-43A6D5A353F6}.Release|Any CPU.ActiveCfg = Release|Any CPU
		{DBFD21FC-0CB0-4CF4-9E2F-43A6D5A353F6}.Release|Any CPU.Build.0 = Release|Any CPU
	EndGlobalSection
	GlobalSection(SolutionProperties) = preSolution
		HideSolutionNode = FALSE
	EndGlobalSection
	GlobalSection(ExtensibilityGlobals) = postSolution
		SolutionGuid = {D23578EA-B4CF-449C-8093-DE7EEBFC97F3}
	EndGlobalSection
EndGlobal
